
Microsoft Visual Studio Solution File, Format Version 12.00
# Visual Studio Version 17
VisualStudioVersion = 17.7.34024.191
MinimumVisualStudioVersion = 10.0.40219.1
Project("{8BC9CEB8-8B4A-11D0-8D11-00A0C91BC942}") = "FirstConsoleApplication", "FirstConsoleApplication\FirstConsoleApplication.vcxproj", "{FFB3A037-413F-4863-BA33-B3A4DA56DCC1}"
EndProject
Project("{8BC9CEB8-8B4A-11D0-8D11-00A0C91BC942}") = "VariableConsoleApplication1", "VariableConsoleApplication1\VariableConsoleApplication1.vcxproj", "{8C43AE2E-28E7-4F8B-A5E3-74A59BAE5DB7}"
EndProject
Project("{8BC9CEB8-8B4A-11D0-8D11-00A0C91BC942}") = "ConsoleApplicationSpr1", "ConsoleApplicationSpr1\ConsoleApplicationSpr1.vcxproj", "{45330DF1-AD12-41F3-A078-04DCA1375CB6}"
EndProject
Project("{2150E333-8FDC-42A3-9474-1A3956D46DE8}") = "01. Podstawy", "01. Podstawy", "{1D182CE3-024B-4654-9D35-8FA4E78180C1}"
EndProject
Project("{2150E333-8FDC-42A3-9474-1A3956D46DE8}") = "02. Instrukcje decyzyjne", "02. Instrukcje decyzyjne", "{7D67C897-7967-46D7-B989-7E99DC6B08B5}"
EndProject
Project("{8BC9CEB8-8B4A-11D0-8D11-00A0C91BC942}") = "InstructionConsoleApplication", "InstructionConsoleApplication\InstructionConsoleApplication.vcxproj", "{B7D4F109-7AE9-489B-8472-843D8DA880ED}"
EndProject
Project("{8BC9CEB8-8B4A-11D0-8D11-00A0C91BC942}") = "ConsoleApplication21", "ConsoleApplication21\ConsoleApplication21.vcxproj", "{3BA1DAE9-5570-4DCF-91EB-C733FBA668A7}"
EndProject
Project("{8BC9CEB8-8B4A-11D0-8D11-00A0C91BC942}") = "LoopDoWhileConsoleApplication", "LoopDoWhileConsoleApplication\LoopDoWhileConsoleApplication.vcxproj", "{C8A09C14-FBE7-462F-A9CF-D18D4EA1DB3C}"
EndProject
Project("{8BC9CEB8-8B4A-11D0-8D11-00A0C91BC942}") = "LoopWhileConsoleApplication", "LoopWhileConsoleApplication\LoopWhileConsoleApplication.vcxproj", "{ACBB2EA3-C44B-4AFE-AF73-BE9AD3AD58E9}"
EndProject
Project("{8BC9CEB8-8B4A-11D0-8D11-00A0C91BC942}") = "LoopForConsoleApplication1", "LoopForConsoleApplication1\LoopForConsoleApplication1.vcxproj", "{39409ACC-1981-4780-8360-9B401A1EE54A}"
EndProject
Project("{2150E333-8FDC-42A3-9474-1A3956D46DE8}") = "03. kolekcje", "03. kolekcje", "{52E6B7CA-5174-43A5-9A65-2663526A595D}"
EndProject
Project("{8BC9CEB8-8B4A-11D0-8D11-00A0C91BC942}") = "CharactersConsoleApplication", "CharactersConsoleApplication\CharactersConsoleApplication.vcxproj", "{5C2F2778-EFB5-4E08-BFFB-1AF2C630415F}"
EndProject
Global
	GlobalSection(SolutionConfigurationPlatforms) = preSolution
		Debug|x64 = Debug|x64
		Debug|x86 = Debug|x86
		Release|x64 = Release|x64
		Release|x86 = Release|x86
	EndGlobalSection
	GlobalSection(ProjectConfigurationPlatforms) = postSolution
		{FFB3A037-413F-4863-BA33-B3A4DA56DCC1}.Debug|x64.ActiveCfg = Debug|x64
		{FFB3A037-413F-4863-BA33-B3A4DA56DCC1}.Debug|x64.Build.0 = Debug|x64
		{FFB3A037-413F-4863-BA33-B3A4DA56DCC1}.Debug|x86.ActiveCfg = Debug|Win32
		{FFB3A037-413F-4863-BA33-B3A4DA56DCC1}.Debug|x86.Build.0 = Debug|Win32
		{FFB3A037-413F-4863-BA33-B3A4DA56DCC1}.Release|x64.ActiveCfg = Release|x64
		{FFB3A037-413F-4863-BA33-B3A4DA56DCC1}.Release|x64.Build.0 = Release|x64
		{FFB3A037-413F-4863-BA33-B3A4DA56DCC1}.Release|x86.ActiveCfg = Release|Win32
		{FFB3A037-413F-4863-BA33-B3A4DA56DCC1}.Release|x86.Build.0 = Release|Win32
		{8C43AE2E-28E7-4F8B-A5E3-74A59BAE5DB7}.Debug|x64.ActiveCfg = Debug|x64
		{8C43AE2E-28E7-4F8B-A5E3-74A59BAE5DB7}.Debug|x64.Build.0 = Debug|x64
		{8C43AE2E-28E7-4F8B-A5E3-74A59BAE5DB7}.Debug|x86.ActiveCfg = Debug|Win32
		{8C43AE2E-28E7-4F8B-A5E3-74A59BAE5DB7}.Debug|x86.Build.0 = Debug|Win32
		{8C43AE2E-28E7-4F8B-A5E3-74A59BAE5DB7}.Release|x64.ActiveCfg = Release|x64
		{8C43AE2E-28E7-4F8B-A5E3-74A59BAE5DB7}.Release|x64.Build.0 = Release|x64
		{8C43AE2E-28E7-4F8B-A5E3-74A59BAE5DB7}.Release|x86.ActiveCfg = Release|Win32
		{8C43AE2E-28E7-4F8B-A5E3-74A59BAE5DB7}.Release|x86.Build.0 = Release|Win32
		{45330DF1-AD12-41F3-A078-04DCA1375CB6}.Debug|x64.ActiveCfg = Debug|x64
		{45330DF1-AD12-41F3-A078-04DCA1375CB6}.Debug|x64.Build.0 = Debug|x64
		{45330DF1-AD12-41F3-A078-04DCA1375CB6}.Debug|x86.ActiveCfg = Debug|Win32
		{45330DF1-AD12-41F3-A078-04DCA1375CB6}.Debug|x86.Build.0 = Debug|Win32
		{45330DF1-AD12-41F3-A078-04DCA1375CB6}.Release|x64.ActiveCfg = Release|x64
		{45330DF1-AD12-41F3-A078-04DCA1375CB6}.Release|x64.Build.0 = Release|x64
		{45330DF1-AD12-41F3-A078-04DCA1375CB6}.Release|x86.ActiveCfg = Release|Win32
		{45330DF1-AD12-41F3-A078-04DCA1375CB6}.Release|x86.Build.0 = Release|Win32
		{B7D4F109-7AE9-489B-8472-843D8DA880ED}.Debug|x64.ActiveCfg = Debug|x64
		{B7D4F109-7AE9-489B-8472-843D8DA880ED}.Debug|x64.Build.0 = Debug|x64
		{B7D4F109-7AE9-489B-8472-843D8DA880ED}.Debug|x86.ActiveCfg = Debug|Win32
		{B7D4F109-7AE9-489B-8472-843D8DA880ED}.Debug|x86.Build.0 = Debug|Win32
		{B7D4F109-7AE9-489B-8472-843D8DA880ED}.Release|x64.ActiveCfg = Release|x64
		{B7D4F109-7AE9-489B-8472-843D8DA880ED}.Release|x64.Build.0 = Release|x64
		{B7D4F109-7AE9-489B-8472-843D8DA880ED}.Release|x86.ActiveCfg = Release|Win32
		{B7D4F109-7AE9-489B-8472-843D8DA880ED}.Release|x86.Build.0 = Release|Win32
		{3BA1DAE9-5570-4DCF-91EB-C733FBA668A7}.Debug|x64.ActiveCfg = Debug|x64
		{3BA1DAE9-5570-4DCF-91EB-C733FBA668A7}.Debug|x64.Build.0 = Debug|x64
		{3BA1DAE9-5570-4DCF-91EB-C733FBA668A7}.Debug|x86.ActiveCfg = Debug|Win32
		{3BA1DAE9-5570-4DCF-91EB-C733FBA668A7}.Debug|x86.Build.0 = Debug|Win32
		{3BA1DAE9-5570-4DCF-91EB-C733FBA668A7}.Release|x64.ActiveCfg = Release|x64
		{3BA1DAE9-5570-4DCF-91EB-C733FBA668A7}.Release|x64.Build.0 = Release|x64
		{3BA1DAE9-5570-4DCF-91EB-C733FBA668A7}.Release|x86.ActiveCfg = Release|Win32
		{3BA1DAE9-5570-4DCF-91EB-C733FBA668A7}.Release|x86.Build.0 = Release|Win32
		{C8A09C14-FBE7-462F-A9CF-D18D4EA1DB3C}.Debug|x64.ActiveCfg = Debug|x64
		{C8A09C14-FBE7-462F-A9CF-D18D4EA1DB3C}.Debug|x64.Build.0 = Debug|x64
		{C8A09C14-FBE7-462F-A9CF-D18D4EA1DB3C}.Debug|x86.ActiveCfg = Debug|Win32
		{C8A09C14-FBE7-462F-A9CF-D18D4EA1DB3C}.Debug|x86.Build.0 = Debug|Win32
		{C8A09C14-FBE7-462F-A9CF-D18D4EA1DB3C}.Release|x64.ActiveCfg = Release|x64
		{C8A09C14-FBE7-462F-A9CF-D18D4EA1DB3C}.Release|x64.Build.0 = Release|x64
		{C8A09C14-FBE7-462F-A9CF-D18D4EA1DB3C}.Release|x86.ActiveCfg = Release|Win32
		{C8A09C14-FBE7-462F-A9CF-D18D4EA1DB3C}.Release|x86.Build.0 = Release|Win32
		{ACBB2EA3-C44B-4AFE-AF73-BE9AD3AD58E9}.Debug|x64.ActiveCfg = Debug|x64
		{ACBB2EA3-C44B-4AFE-AF73-BE9AD3AD58E9}.Debug|x64.Build.0 = Debug|x64
		{ACBB2EA3-C44B-4AFE-AF73-BE9AD3AD58E9}.Debug|x86.ActiveCfg = Debug|Win32
		{ACBB2EA3-C44B-4AFE-AF73-BE9AD3AD58E9}.Debug|x86.Build.0 = Debug|Win32
		{ACBB2EA3-C44B-4AFE-AF73-BE9AD3AD58E9}.Release|x64.ActiveCfg = Release|x64
		{ACBB2EA3-C44B-4AFE-AF73-BE9AD3AD58E9}.Release|x64.Build.0 = Release|x64
		{ACBB2EA3-C44B-4AFE-AF73-BE9AD3AD58E9}.Release|x86.ActiveCfg = Release|Win32
		{ACBB2EA3-C44B-4AFE-AF73-BE9AD3AD58E9}.Release|x86.Build.0 = Release|Win32
		{39409ACC-1981-4780-8360-9B401A1EE54A}.Debug|x64.ActiveCfg = Debug|x64
		{39409ACC-1981-4780-8360-9B401A1EE54A}.Debug|x64.Build.0 = Debug|x64
		{39409ACC-1981-4780-8360-9B401A1EE54A}.Debug|x86.ActiveCfg = Debug|Win32
		{39409ACC-1981-4780-8360-9B401A1EE54A}.Debug|x86.Build.0 = Debug|Win32
		{39409ACC-1981-4780-8360-9B401A1EE54A}.Release|x64.ActiveCfg = Release|x64
		{39409ACC-1981-4780-8360-9B401A1EE54A}.Release|x64.Build.0 = Release|x64
		{39409ACC-1981-4780-8360-9B401A1EE54A}.Release|x86.ActiveCfg = Release|Win32
		{39409ACC-1981-4780-8360-9B401A1EE54A}.Release|x86.Build.0 = Release|Win32
		{5C2F2778-EFB5-4E08-BFFB-1AF2C630415F}.Debug|x64.ActiveCfg = Debug|x64
		{5C2F2778-EFB5-4E08-BFFB-1AF2C630415F}.Debug|x64.Build.0 = Debug|x64
		{5C2F2778-EFB5-4E08-BFFB-1AF2C630415F}.Debug|x86.ActiveCfg = Debug|Win32
		{5C2F2778-EFB5-4E08-BFFB-1AF2C630415F}.Debug|x86.Build.0 = Debug|Win32
		{5C2F2778-EFB5-4E08-BFFB-1AF2C630415F}.Release|x64.ActiveCfg = Release|x64
		{5C2F2778-EFB5-4E08-BFFB-1AF2C630415F}.Release|x64.Build.0 = Release|x64
		{5C2F2778-EFB5-4E08-BFFB-1AF2C630415F}.Release|x86.ActiveCfg = Release|Win32
		{5C2F2778-EFB5-4E08-BFFB-1AF2C630415F}.Release|x86.Build.0 = Release|Win32
	EndGlobalSection
	GlobalSection(SolutionProperties) = preSolution
		HideSolutionNode = FALSE
	EndGlobalSection
	GlobalSection(NestedProjects) = preSolution
		{FFB3A037-413F-4863-BA33-B3A4DA56DCC1} = {1D182CE3-024B-4654-9D35-8FA4E78180C1}
		{8C43AE2E-28E7-4F8B-A5E3-74A59BAE5DB7} = {1D182CE3-024B-4654-9D35-8FA4E78180C1}
		{45330DF1-AD12-41F3-A078-04DCA1375CB6} = {1D182CE3-024B-4654-9D35-8FA4E78180C1}
		{B7D4F109-7AE9-489B-8472-843D8DA880ED} = {7D67C897-7967-46D7-B989-7E99DC6B08B5}
		{3BA1DAE9-5570-4DCF-91EB-C733FBA668A7} = {7D67C897-7967-46D7-B989-7E99DC6B08B5}
		{C8A09C14-FBE7-462F-A9CF-D18D4EA1DB3C} = {7D67C897-7967-46D7-B989-7E99DC6B08B5}
		{ACBB2EA3-C44B-4AFE-AF73-BE9AD3AD58E9} = {7D67C897-7967-46D7-B989-7E99DC6B08B5}
		{39409ACC-1981-4780-8360-9B401A1EE54A} = {7D67C897-7967-46D7-B989-7E99DC6B08B5}
		{5C2F2778-EFB5-4E08-BFFB-1AF2C630415F} = {52E6B7CA-5174-43A5-9A65-2663526A595D}
	EndGlobalSection
	GlobalSection(ExtensibilityGlobals) = postSolution
		SolutionGuid = {CEC34872-0615-49C9-AEC7-95F21C6D6349}
	EndGlobalSection
EndGlobal
